<Solution>
  <Folder Name="/src/">
    <Project Path="src/Contracts/Contracts.csproj" />
    <Project Path="src/Inventory/Inventory.csproj" />
    <Project Path="src/Messaging/Messaging.csproj" />
    <Project Path="src/Orders/Orders.csproj" />
    <Project Path="src/Payments/Payments.csproj" />
  </Folder>
</Solution>
